// !$*UTF8*$!
{
	archiveVersion = 1;
	classes = {
	};
	objectVersion = 50;
	objects = {

/* Begin PBXBuildFile section */
		C80936FE256AF859004DF8E5 /* Purchases.swift in Sources */ = {isa = PBXBuildFile; fileRef = C80936FD256AF859004DF8E5 /* Purchases.swift */; };
		C841D26E2559AEA200F8B67A /* MoneyTrackerApp.swift in Sources */ = {isa = PBXBuildFile; fileRef = C841D26D2559AEA200F8B67A /* MoneyTrackerApp.swift */; };
		C841D2702559AEA200F8B67A /* ContentView.swift in Sources */ = {isa = PBXBuildFile; fileRef = C841D26F2559AEA200F8B67A /* ContentView.swift */; };
		C841D2722559AEA800F8B67A /* Assets.xcassets in Resources */ = {isa = PBXBuildFile; fileRef = C841D2712559AEA800F8B67A /* Assets.xcassets */; };
		C841D2752559AEA800F8B67A /* Preview Assets.xcassets in Resources */ = {isa = PBXBuildFile; fileRef = C841D2742559AEA800F8B67A /* Preview Assets.xcassets */; };
		C89C8A232575528A00D55969 /* PurchaseCategoryDetailView.swift in Sources */ = {isa = PBXBuildFile; fileRef = C89C8A222575528A00D55969 /* PurchaseCategoryDetailView.swift */; };
		C8DF9F892568269500F5B073 /* PurchaseCategory.swift in Sources */ = {isa = PBXBuildFile; fileRef = C8DF9F882568269500F5B073 /* PurchaseCategory.swift */; };
		C8DF9F8D2568282C00F5B073 /* PurchaseCategories.swift in Sources */ = {isa = PBXBuildFile; fileRef = C8DF9F8C2568282C00F5B073 /* PurchaseCategories.swift */; };
		C8DF9F9425682F9800F5B073 /* AddPurchaseCategory.swift in Sources */ = {isa = PBXBuildFile; fileRef = C8DF9F9325682F9800F5B073 /* AddPurchaseCategory.swift */; };
		C8DF9F98256844E700F5B073 /* Purchase.swift in Sources */ = {isa = PBXBuildFile; fileRef = C8DF9F97256844E700F5B073 /* Purchase.swift */; };
		C8DF9F9B2568469A00F5B073 /* AddPurchase.swift in Sources */ = {isa = PBXBuildFile; fileRef = C8DF9F9A2568469A00F5B073 /* AddPurchase.swift */; };
/* End PBXBuildFile section */

/* Begin PBXFileReference section */
		C80936FD256AF859004DF8E5 /* Purchases.swift */ = {isa = PBXFileReference; lastKnownFileType = sourcecode.swift; path = Purchases.swift; sourceTree = "<group>"; };
		C841D26A2559AEA200F8B67A /* MoneyTracker.app */ = {isa = PBXFileReference; explicitFileType = wrapper.application; includeInIndex = 0; path = MoneyTracker.app; sourceTree = BUILT_PRODUCTS_DIR; };
		C841D26D2559AEA200F8B67A /* MoneyTrackerApp.swift */ = {isa = PBXFileReference; lastKnownFileType = sourcecode.swift; path = MoneyTrackerApp.swift; sourceTree = "<group>"; };
		C841D26F2559AEA200F8B67A /* ContentView.swift */ = {isa = PBXFileReference; lastKnownFileType = sourcecode.swift; path = ContentView.swift; sourceTree = "<group>"; };
		C841D2712559AEA800F8B67A /* Assets.xcassets */ = {isa = PBXFileReference; lastKnownFileType = folder.assetcatalog; path = Assets.xcassets; sourceTree = "<group>"; };
		C841D2742559AEA800F8B67A /* Preview Assets.xcassets */ = {isa = PBXFileReference; lastKnownFileType = folder.assetcatalog; path = "Preview Assets.xcassets"; sourceTree = "<group>"; };
		C841D2762559AEA800F8B67A /* Info.plist */ = {isa = PBXFileReference; lastKnownFileType = text.plist.xml; path = Info.plist; sourceTree = "<group>"; };
		C89C8A222575528A00D55969 /* PurchaseCategoryDetailView.swift */ = {isa = PBXFileReference; lastKnownFileType = sourcecode.swift; path = PurchaseCategoryDetailView.swift; sourceTree = "<group>"; };
		C8DF9F882568269500F5B073 /* PurchaseCategory.swift */ = {isa = PBXFileReference; lastKnownFileType = sourcecode.swift; path = PurchaseCategory.swift; sourceTree = "<group>"; };
		C8DF9F8C2568282C00F5B073 /* PurchaseCategories.swift */ = {isa = PBXFileReference; lastKnownFileType = sourcecode.swift; path = PurchaseCategories.swift; sourceTree = "<group>"; };
		C8DF9F9325682F9800F5B073 /* AddPurchaseCategory.swift */ = {isa = PBXFileReference; lastKnownFileType = sourcecode.swift; path = AddPurchaseCategory.swift; sourceTree = "<group>"; };
		C8DF9F97256844E700F5B073 /* Purchase.swift */ = {isa = PBXFileReference; lastKnownFileType = sourcecode.swift; path = Purchase.swift; sourceTree = "<group>"; };
		C8DF9F9A2568469A00F5B073 /* AddPurchase.swift */ = {isa = PBXFileReference; lastKnownFileType = sourcecode.swift; path = AddPurchase.swift; sourceTree = "<group>"; };
/* End PBXFileReference section */

/* Begin PBXFrameworksBuildPhase section */
		C841D2672559AEA200F8B67A /* Frameworks */ = {
			isa = PBXFrameworksBuildPhase;
			buildActionMask = 2147483647;
			files = (
			);
			runOnlyForDeploymentPostprocessing = 0;
		};
/* End PBXFrameworksBuildPhase section */

/* Begin PBXGroup section */
		C841D2612559AEA200F8B67A = {
			isa = PBXGroup;
			children = (
				C841D26C2559AEA200F8B67A /* MoneyTracker */,
				C841D26B2559AEA200F8B67A /* Products */,
			);
			sourceTree = "<group>";
		};
		C841D26B2559AEA200F8B67A /* Products */ = {
			isa = PBXGroup;
			children = (
				C841D26A2559AEA200F8B67A /* MoneyTracker.app */,
			);
			name = Products;
			sourceTree = "<group>";
		};
		C841D26C2559AEA200F8B67A /* MoneyTracker */ = {
			isa = PBXGroup;
			children = (
				C841D26D2559AEA200F8B67A /* MoneyTrackerApp.swift */,
				C841D26F2559AEA200F8B67A /* ContentView.swift */,
				C89C8A222575528A00D55969 /* PurchaseCategoryDetailView.swift */,
				C8DF9F9325682F9800F5B073 /* AddPurchaseCategory.swift */,
				C8DF9F9A2568469A00F5B073 /* AddPurchase.swift */,
				C841D2712559AEA800F8B67A /* Assets.xcassets */,
				C841D2762559AEA800F8B67A /* Info.plist */,
				C841D2732559AEA800F8B67A /* Preview Content */,
				C8DF9F882568269500F5B073 /* PurchaseCategory.swift */,
				C8DF9F8C2568282C00F5B073 /* PurchaseCategories.swift */,
				C8DF9F97256844E700F5B073 /* Purchase.swift */,
				C80936FD256AF859004DF8E5 /* Purchases.swift */,
			);
			path = MoneyTracker;
			sourceTree = "<group>";
		};
		C841D2732559AEA800F8B67A /* Preview Content */ = {
			isa = PBXGroup;
			children = (
				C841D2742559AEA800F8B67A /* Preview Assets.xcassets */,
			);
			path = "Preview Content";
			sourceTree = "<group>";
		};
/* End PBXGroup section */

/* Begin PBXNativeTarget section */
		C841D2692559AEA200F8B67A /* MoneyTracker */ = {
			isa = PBXNativeTarget;
			buildConfigurationList = C841D2792559AEA800F8B67A /* Build configuration list for PBXNativeTarget "MoneyTracker" */;
			buildPhases = (
				C841D2662559AEA200F8B67A /* Sources */,
				C841D2672559AEA200F8B67A /* Frameworks */,
				C841D2682559AEA200F8B67A /* Resources */,
			);
			buildRules = (
			);
			dependencies = (
			);
			name = MoneyTracker;
			productName = MoneyTracker;
			productReference = C841D26A2559AEA200F8B67A /* MoneyTracker.app */;
			productType = "com.apple.product-type.application";
		};
/* End PBXNativeTarget section */

/* Begin PBXProject section */
		C841D2622559AEA200F8B67A /* Project object */ = {
			isa = PBXProject;
			attributes = {
				LastSwiftUpdateCheck = 1210;
				LastUpgradeCheck = 1210;
				TargetAttributes = {
					C841D2692559AEA200F8B67A = {
						CreatedOnToolsVersion = 12.1;
					};
				};
			};
			buildConfigurationList = C841D2652559AEA200F8B67A /* Build configuration list for PBXProject "MoneyTracker" */;
			compatibilityVersion = "Xcode 9.3";
			developmentRegion = en;
			hasScannedForEncodings = 0;
			knownRegions = (
				en,
				Base,
			);
			mainGroup = C841D2612559AEA200F8B67A;
			productRefGroup = C841D26B2559AEA200F8B67A /* Products */;
			projectDirPath = "";
			projectRoot = "";
			targets = (
				C841D2692559AEA200F8B67A /* MoneyTracker */,
			);
		};
/* End PBXProject section */

/* Begin PBXResourcesBuildPhase section */
		C841D2682559AEA200F8B67A /* Resources */ = {
			isa = PBXResourcesBuildPhase;
			buildActionMask = 2147483647;
			files = (
				C841D2752559AEA800F8B67A /* Preview Assets.xcassets in Resources */,
				C841D2722559AEA800F8B67A /* Assets.xcassets in Resources */,
			);
			runOnlyForDeploymentPostprocessing = 0;
		};
/* End PBXResourcesBuildPhase section */

/* Begin PBXSourcesBuildPhase section */
		C841D2662559AEA200F8B67A /* Sources */ = {
			isa = PBXSourcesBuildPhase;
			buildActionMask = 2147483647;
			files = (
				C80936FE256AF859004DF8E5 /* Purchases.swift in Sources */,
				C89C8A232575528A00D55969 /* PurchaseCategoryDetailView.swift in Sources */,
				C8DF9F9B2568469A00F5B073 /* AddPurchase.swift in Sources */,
				C841D2702559AEA200F8B67A /* ContentView.swift in Sources */,
				C8DF9F8D2568282C00F5B073 /* PurchaseCategories.swift in Sources */,
				C8DF9F98256844E700F5B073 /* Purchase.swift in Sources */,
				C8DF9F9425682F9800F5B073 /* AddPurchaseCategory.swift in Sources */,
				C8DF9F892568269500F5B073 /* PurchaseCategory.swift in Sources */,
				C841D26E2559AEA200F8B67A /* MoneyTrackerApp.swift in Sources */,
			);
			runOnlyForDeploymentPostprocessing = 0;
		};
/* End PBXSourcesBuildPhase section */

/* Begin XCBuildConfiguration section */
		C841D2772559AEA800F8B67A /* Debug */ = {
			isa = XCBuildConfiguration;
			buildSettings = {
				ALWAYS_SEARCH_USER_PATHS = NO;
				CLANG_ANALYZER_NONNULL = YES;
				CLANG_ANALYZER_NUMBER_OBJECT_CONVERSION = YES_AGGRESSIVE;
				CLANG_CXX_LANGUAGE_STANDARD = "gnu++14";
				CLANG_CXX_LIBRARY = "libc++";
				CLANG_ENABLE_MODULES = YES;
				CLANG_ENABLE_OBJC_ARC = YES;
				CLANG_ENABLE_OBJC_WEAK = YES;
				CLANG_WARN_BLOCK_CAPTURE_AUTORELEASING = YES;
				CLANG_WARN_BOOL_CONVERSION = YES;
				CLANG_WARN_COMMA = YES;
				CLANG_WARN_CONSTANT_CONVERSION = YES;
				CLANG_WARN_DEPRECATED_OBJC_IMPLEMENTATIONS = YES;
				CLANG_WARN_DIRECT_OBJC_ISA_USAGE = YES_ERROR;
				CLANG_WARN_DOCUMENTATION_COMMENTS = YES;
				CLANG_WARN_EMPTY_BODY = YES;
				CLANG_WARN_ENUM_CONVERSION = YES;
				CLANG_WARN_INFINITE_RECURSION = YES;
				CLANG_WARN_INT_CONVERSION = YES;
				CLANG_WARN_NON_LITERAL_NULL_CONVERSION = YES;
				CLANG_WARN_OBJC_IMPLICIT_RETAIN_SELF = YES;
				CLANG_WARN_OBJC_LITERAL_CONVERSION = YES;
				CLANG_WARN_OBJC_ROOT_CLASS = YES_ERROR;
				CLANG_WARN_QUOTED_INCLUDE_IN_FRAMEWORK_HEADER = YES;
				CLANG_WARN_RANGE_LOOP_ANALYSIS = YES;
				CLANG_WARN_STRICT_PROTOTYPES = YES;
				CLANG_WARN_SUSPICIOUS_MOVE = YES;
				CLANG_WARN_UNGUARDED_AVAILABILITY = YES_AGGRESSIVE;
				CLANG_WARN_UNREACHABLE_CODE = YES;
				CLANG_WARN__DUPLICATE_METHOD_MATCH = YES;
				COPY_PHASE_STRIP = NO;
				DEBUG_INFORMATION_FORMAT = dwarf;
				ENABLE_STRICT_OBJC_MSGSEND = YES;
				ENABLE_TESTABILITY = YES;
				GCC_C_LANGUAGE_STANDARD = gnu11;
				GCC_DYNAMIC_NO_PIC = NO;
				GCC_NO_COMMON_BLOCKS = YES;
				GCC_OPTIMIZATION_LEVEL = 0;
				GCC_PREPROCESSOR_DEFINITIONS = (
					"DEBUG=1",
					"$(inherited)",
				);
				GCC_WARN_64_TO_32_BIT_CONVERSION = YES;
				GCC_WARN_ABOUT_RETURN_TYPE = YES_ERROR;
				GCC_WARN_UNDECLARED_SELECTOR = YES;
				GCC_WARN_UNINITIALIZED_AUTOS = YES_AGGRESSIVE;
				GCC_WARN_UNUSED_FUNCTION = YES;
				GCC_WARN_UNUSED_VARIABLE = YES;
				IPHONEOS_DEPLOYMENT_TARGET = 14.1;
				MTL_ENABLE_DEBUG_INFO = INCLUDE_SOURCE;
				MTL_FAST_MATH = YES;
				ONLY_ACTIVE_ARCH = YES;
				SDKROOT = iphoneos;
				SWIFT_ACTIVE_COMPILATION_CONDITIONS = DEBUG;
				SWIFT_OPTIMIZATION_LEVEL = "-Onone";
			};
			name = Debug;
		};
		C841D2782559AEA800F8B67A /* Release */ = {
			isa = XCBuildConfiguration;
			buildSettings = {
				ALWAYS_SEARCH_USER_PATHS = NO;
				CLANG_ANALYZER_NONNULL = YES;
				CLANG_ANALYZER_NUMBER_OBJECT_CONVERSION = YES_AGGRESSIVE;
				CLANG_CXX_LANGUAGE_STANDARD = "gnu++14";
				CLANG_CXX_LIBRARY = "libc++";
				CLANG_ENABLE_MODULES = YES;
				CLANG_ENABLE_OBJC_ARC = YES;
				CLANG_ENABLE_OBJC_WEAK = YES;
				CLANG_WARN_BLOCK_CAPTURE_AUTORELEASING = YES;
				CLANG_WARN_BOOL_CONVERSION = YES;
				CLANG_WARN_COMMA = YES;
				CLANG_WARN_CONSTANT_CONVERSION = YES;
				CLANG_WARN_DEPRECATED_OBJC_IMPLEMENTATIONS = YES;
				CLANG_WARN_DIRECT_OBJC_ISA_USAGE = YES_ERROR;
				CLANG_WARN_DOCUMENTATION_COMMENTS = YES;
				CLANG_WARN_EMPTY_BODY = YES;
				CLANG_WARN_ENUM_CONVERSION = YES;
				CLANG_WARN_INFINITE_RECURSION = YES;
				CLANG_WARN_INT_CONVERSION = YES;
				CLANG_WARN_NON_LITERAL_NULL_CONVERSION = YES;
				CLANG_WARN_OBJC_IMPLICIT_RETAIN_SELF = YES;
				CLANG_WARN_OBJC_LITERAL_CONVERSION = YES;
				CLANG_WARN_OBJC_ROOT_CLASS = YES_ERROR;
				CLANG_WARN_QUOTED_INCLUDE_IN_FRAMEWORK_HEADER = YES;
				CLANG_WARN_RANGE_LOOP_ANALYSIS = YES;
				CLANG_WARN_STRICT_PROTOTYPES = YES;
				CLANG_WARN_SUSPICIOUS_MOVE = YES;
				CLANG_WARN_UNGUARDED_AVAILABILITY = YES_AGGRESSIVE;
				CLANG_WARN_UNREACHABLE_CODE = YES;
				CLANG_WARN__DUPLICATE_METHOD_MATCH = YES;
				COPY_PHASE_STRIP = NO;
				DEBUG_INFORMATION_FORMAT = "dwarf-with-dsym";
				ENABLE_NS_ASSERTIONS = NO;
				ENABLE_STRICT_OBJC_MSGSEND = YES;
				GCC_C_LANGUAGE_STANDARD = gnu11;
				GCC_NO_COMMON_BLOCKS = YES;
				GCC_WARN_64_TO_32_BIT_CONVERSION = YES;
				GCC_WARN_ABOUT_RETURN_TYPE = YES_ERROR;
				GCC_WARN_UNDECLARED_SELECTOR = YES;
				GCC_WARN_UNINITIALIZED_AUTOS = YES_AGGRESSIVE;
				GCC_WARN_UNUSED_FUNCTION = YES;
				GCC_WARN_UNUSED_VARIABLE = YES;
				IPHONEOS_DEPLOYMENT_TARGET = 14.1;
				MTL_ENABLE_DEBUG_INFO = NO;
				MTL_FAST_MATH = YES;
				SDKROOT = iphoneos;
				SWIFT_COMPILATION_MODE = wholemodule;
				SWIFT_OPTIMIZATION_LEVEL = "-O";
				VALIDATE_PRODUCT = YES;
			};
			name = Release;
		};
		C841D27A2559AEA800F8B67A /* Debug */ = {
			isa = XCBuildConfiguration;
			buildSettings = {
				ASSETCATALOG_COMPILER_APPICON_NAME = AppIcon;
				ASSETCATALOG_COMPILER_GLOBAL_ACCENT_COLOR_NAME = AccentColor;
				CODE_SIGN_STYLE = Automatic;
				DEVELOPMENT_ASSET_PATHS = "\"MoneyTracker/Preview Content\"";
				DEVELOPMENT_TEAM = 89CY642UG3;
				ENABLE_PREVIEWS = YES;
				INFOPLIST_FILE = MoneyTracker/Info.plist;
				IPHONEOS_DEPLOYMENT_TARGET = 14.0;
				LD_RUNPATH_SEARCH_PATHS = (
					"$(inherited)",
					"@executable_path/Frameworks",
				);
				PRODUCT_BUNDLE_IDENTIFIER = ca.jinasalvarajah.MoneyTracker;
				PRODUCT_NAME = "$(TARGET_NAME)";
				SWIFT_VERSION = 5.0;
				TARGETED_DEVICE_FAMILY = "1,2";
			};
			name = Debug;
		};
		C841D27B2559AEA800F8B67A /* Release */ = {
			isa = XCBuildConfiguration;
			buildSettings = {
				ASSETCATALOG_COMPILER_APPICON_NAME = AppIcon;
				ASSETCATALOG_COMPILER_GLOBAL_ACCENT_COLOR_NAME = AccentColor;
				CODE_SIGN_STYLE = Automatic;
				DEVELOPMENT_ASSET_PATHS = "\"MoneyTracker/Preview Content\"";
				DEVELOPMENT_TEAM = 89CY642UG3;
				ENABLE_PREVIEWS = YES;
				INFOPLIST_FILE = MoneyTracker/Info.plist;
				IPHONEOS_DEPLOYMENT_TARGET = 14.0;
				LD_RUNPATH_SEARCH_PATHS = (
					"$(inherited)",
					"@executable_path/Frameworks",
				);
				PRODUCT_BUNDLE_IDENTIFIER = ca.jinasalvarajah.MoneyTracker;
				PRODUCT_NAME = "$(TARGET_NAME)";
				SWIFT_VERSION = 5.0;
				TARGETED_DEVICE_FAMILY = "1,2";
			};
			name = Release;
		};
/* End XCBuildConfiguration section */

/* Begin XCConfigurationList section */
		C841D2652559AEA200F8B67A /* Build configuration list for PBXProject "MoneyTracker" */ = {
			isa = XCConfigurationList;
			buildConfigurations = (
				C841D2772559AEA800F8B67A /* Debug */,
				C841D2782559AEA800F8B67A /* Release */,
			);
			defaultConfigurationIsVisible = 0;
			defaultConfigurationName = Release;
		};
		C841D2792559AEA800F8B67A /* Build configuration list for PBXNativeTarget "MoneyTracker" */ = {
			isa = XCConfigurationList;
			buildConfigurations = (
				C841D27A2559AEA800F8B67A /* Debug */,
				C841D27B2559AEA800F8B67A /* Release */,
			);
			defaultConfigurationIsVisible = 0;
			defaultConfigurationName = Release;
		};
/* End XCConfigurationList section */
	};
	rootObject = C841D2622559AEA200F8B67A /* Project object */;
}
